
Microsoft Visual Studio Solution File, Format Version 12.00
# Visual Studio 15
VisualStudioVersion = 15.0.28010.2036
MinimumVisualStudioVersion = 10.0.40219.1
Project("{FAE04EC0-301F-11D3-BF4B-00C04F79EFBC}") = "WebApplication2", "WebApplication2\WebApplication2.csproj", "{111B60A9-3F86-4688-AB6B-F75C583EEA10}"
EndProject
Global
	GlobalSection(SolutionConfigurationPlatforms) = preSolution
		Debug|Any CPU = Debug|Any CPU
		Release|Any CPU = Release|Any CPU
	EndGlobalSection
	GlobalSection(ProjectConfigurationPlatforms) = postSolution
		{111B60A9-3F86-4688-AB6B-F75C583EEA10}.Debug|Any CPU.ActiveCfg = Debug|Any CPU
		{111B60A9-3F86-4688-AB6B-F75C583EEA10}.Debug|Any CPU.Build.0 = Debug|Any CPU
		{111B60A9-3F86-4688-AB6B-F75C583EEA10}.Release|Any CPU.ActiveCfg = Release|Any CPU
		{111B60A9-3F86-4688-AB6B-F75C583EEA10}.Release|Any CPU.Build.0 = Release|Any CPU
	EndGlobalSection
	GlobalSection(SolutionProperties) = preSolution
		HideSolutionNode = FALSE
	EndGlobalSection
	GlobalSection(ExtensibilityGlobals) = postSolution
		SolutionGuid = {618D897C-4B55-45D3-BA66-69A056B20DD1}
	EndGlobalSection
EndGlobal
