
Microsoft Visual Studio Solution File, Format Version 12.00
# Visual Studio 15
VisualStudioVersion = 15.0.28010.2036
MinimumVisualStudioVersion = 10.0.40219.1
Project("{FAE04EC0-301F-11D3-BF4B-00C04F79EFBC}") = "Aula16-10", "Aula16-10\Aula16-10.csproj", "{8A2CE6D9-D92D-4930-9900-9F32CAE9649C}"
EndProject
Global
	GlobalSection(SolutionConfigurationPlatforms) = preSolution
		Debug|Any CPU = Debug|Any CPU
		Release|Any CPU = Release|Any CPU
	EndGlobalSection
	GlobalSection(ProjectConfigurationPlatforms) = postSolution
		{8A2CE6D9-D92D-4930-9900-9F32CAE9649C}.Debug|Any CPU.ActiveCfg = Debug|Any CPU
		{8A2CE6D9-D92D-4930-9900-9F32CAE9649C}.Debug|Any CPU.Build.0 = Debug|Any CPU
		{8A2CE6D9-D92D-4930-9900-9F32CAE9649C}.Release|Any CPU.ActiveCfg = Release|Any CPU
		{8A2CE6D9-D92D-4930-9900-9F32CAE9649C}.Release|Any CPU.Build.0 = Release|Any CPU
	EndGlobalSection
	GlobalSection(SolutionProperties) = preSolution
		HideSolutionNode = FALSE
	EndGlobalSection
	GlobalSection(ExtensibilityGlobals) = postSolution
		SolutionGuid = {4948A1B7-7B17-4441-860C-F8624D24068E}
	EndGlobalSection
EndGlobal
