
Microsoft Visual Studio Solution File, Format Version 12.00
# Visual Studio 15
VisualStudioVersion = 15.0.28010.2036
MinimumVisualStudioVersion = 10.0.40219.1
Project("{FAE04EC0-301F-11D3-BF4B-00C04F79EFBC}") = "aula 4", "aula 4\aula 4.csproj", "{5B0D5A34-4CC5-4CC2-9FAD-21BB20EDD7E5}"
EndProject
Global
	GlobalSection(SolutionConfigurationPlatforms) = preSolution
		Debug|Any CPU = Debug|Any CPU
		Release|Any CPU = Release|Any CPU
	EndGlobalSection
	GlobalSection(ProjectConfigurationPlatforms) = postSolution
		{5B0D5A34-4CC5-4CC2-9FAD-21BB20EDD7E5}.Debug|Any CPU.ActiveCfg = Debug|Any CPU
		{5B0D5A34-4CC5-4CC2-9FAD-21BB20EDD7E5}.Debug|Any CPU.Build.0 = Debug|Any CPU
		{5B0D5A34-4CC5-4CC2-9FAD-21BB20EDD7E5}.Release|Any CPU.ActiveCfg = Release|Any CPU
		{5B0D5A34-4CC5-4CC2-9FAD-21BB20EDD7E5}.Release|Any CPU.Build.0 = Release|Any CPU
	EndGlobalSection
	GlobalSection(SolutionProperties) = preSolution
		HideSolutionNode = FALSE
	EndGlobalSection
	GlobalSection(ExtensibilityGlobals) = postSolution
		SolutionGuid = {02205842-3C59-4F27-8927-4BEF99104040}
	EndGlobalSection
EndGlobal
